
Microsoft Visual Studio Solution File, Format Version 12.00
# Visual Studio Version 17
VisualStudioVersion = 17.14.36804.6 d17.14
MinimumVisualStudioVersion = 10.0.40219.1
Project("{FAE04EC0-301F-11D3-BF4B-00C04F79EFBC}") = "WpfClient", "WpfClient\WpfClient.csproj", "{08A3796E-1A99-456C-AD68-822ED32E03E2}"
EndProject
Project("{FAE04EC0-301F-11D3-BF4B-00C04F79EFBC}") = "Core", "Core\Core.csproj", "{73109B29-DF6B-4EB5-867F-417F998F0EB4}"
EndProject
Project("{FAE04EC0-301F-11D3-BF4B-00C04F79EFBC}") = "sajam_knjiga_console_app", "sajam_knjiga_console_app\sajam_knjiga_console_app.csproj", "{D22363BD-1DED-4186-A2ED-56489199C872}"
EndProject
Global
	GlobalSection(SolutionConfigurationPlatforms) = preSolution
		Debug|Any CPU = Debug|Any CPU
		Release|Any CPU = Release|Any CPU
	EndGlobalSection
	GlobalSection(ProjectConfigurationPlatforms) = postSolution
		{08A3796E-1A99-456C-AD68-822ED32E03E2}.Debug|Any CPU.ActiveCfg = Debug|Any CPU
		{08A3796E-1A99-456C-AD68-822ED32E03E2}.Debug|Any CPU.Build.0 = Debug|Any CPU
		{08A3796E-1A99-456C-AD68-822ED32E03E2}.Release|Any CPU.ActiveCfg = Release|Any CPU
		{08A3796E-1A99-456C-AD68-822ED32E03E2}.Release|Any CPU.Build.0 = Release|Any CPU
		{73109B29-DF6B-4EB5-867F-417F998F0EB4}.Debug|Any CPU.ActiveCfg = Debug|Any CPU
		{73109B29-DF6B-4EB5-867F-417F998F0EB4}.Debug|Any CPU.Build.0 = Debug|Any CPU
		{73109B29-DF6B-4EB5-867F-417F998F0EB4}.Release|Any CPU.ActiveCfg = Release|Any CPU
		{73109B29-DF6B-4EB5-867F-417F998F0EB4}.Release|Any CPU.Build.0 = Release|Any CPU
		{D22363BD-1DED-4186-A2ED-56489199C872}.Debug|Any CPU.ActiveCfg = Debug|Any CPU
		{D22363BD-1DED-4186-A2ED-56489199C872}.Debug|Any CPU.Build.0 = Debug|Any CPU
		{D22363BD-1DED-4186-A2ED-56489199C872}.Release|Any CPU.ActiveCfg = Release|Any CPU
		{D22363BD-1DED-4186-A2ED-56489199C872}.Release|Any CPU.Build.0 = Release|Any CPU
	EndGlobalSection
	GlobalSection(SolutionProperties) = preSolution
		HideSolutionNode = FALSE
	EndGlobalSection
	GlobalSection(ExtensibilityGlobals) = postSolution
		SolutionGuid = {08DF73DA-7EC8-4172-B4D8-B8C08BA8EA3D}
	EndGlobalSection
EndGlobal
